// !$*UTF8*$!
{
	archiveVersion = 1;
	classes = {
	};
	objectVersion = 46;
	objects = {

/* Begin PBXBuildFile section */
		0A8F254C1C03F74B0034B224 /* main.m in Sources */ = {isa = PBXBuildFile; fileRef = 0A8F254B1C03F74B0034B224 /* main.m */; };
		0A8F254F1C03F74B0034B224 /* AppDelegate.m in Sources */ = {isa = PBXBuildFile; fileRef = 0A8F254E1C03F74B0034B224 /* AppDelegate.m */; };
		0A8F25521C03F74B0034B224 /* ViewController.m in Sources */ = {isa = PBXBuildFile; fileRef = 0A8F25511C03F74B0034B224 /* ViewController.m */; };
		0A8F25551C03F74B0034B224 /* Main.storyboard in Resources */ = {isa = PBXBuildFile; fileRef = 0A8F25531C03F74B0034B224 /* Main.storyboard */; };
		0A8F25571C03F74B0034B224 /* Assets.xcassets in Resources */ = {isa = PBXBuildFile; fileRef = 0A8F25561C03F74B0034B224 /* Assets.xcassets */; };
		0A8F255A1C03F74B0034B224 /* LaunchScreen.storyboard in Resources */ = {isa = PBXBuildFile; fileRef = 0A8F25581C03F74B0034B224 /* LaunchScreen.storyboard */; };
		0A8F25651C03F74B0034B224 /* WFDownLoaderTests.m in Sources */ = {isa = PBXBuildFile; fileRef = 0A8F25641C03F74B0034B224 /* WFDownLoaderTests.m */; };
		0A8F25701C03F74B0034B224 /* WFDownLoaderUITests.m in Sources */ = {isa = PBXBuildFile; fileRef = 0A8F256F1C03F74B0034B224 /* WFDownLoaderUITests.m */; };
		0A8F257F1C03F8030034B224 /* WFDownLoad.m in Sources */ = {isa = PBXBuildFile; fileRef = 0A8F257E1C03F8030034B224 /* WFDownLoad.m */; };
		0A8F25831C0405920034B224 /* NSString+Common.m in Sources */ = {isa = PBXBuildFile; fileRef = 0A8F25821C0405920034B224 /* NSString+Common.m */; };
/* End PBXBuildFile section */

/* Begin PBXContainerItemProxy section */
		0A8F25611C03F74B0034B224 /* PBXContainerItemProxy */ = {
			isa = PBXContainerItemProxy;
			containerPortal = 0A8F253F1C03F74B0034B224 /* Project object */;
			proxyType = 1;
			remoteGlobalIDString = 0A8F25461C03F74B0034B224;
			remoteInfo = WFDownLoader;
		};
		0A8F256C1C03F74B0034B224 /* PBXContainerItemProxy */ = {
			isa = PBXContainerItemProxy;
			containerPortal = 0A8F253F1C03F74B0034B224 /* Project object */;
			proxyType = 1;
			remoteGlobalIDString = 0A8F25461C03F74B0034B224;
			remoteInfo = WFDownLoader;
		};
/* End PBXContainerItemProxy section */

/* Begin PBXFileReference section */
		0A8F25471C03F74B0034B224 /* WFDownLoader.app */ = {isa = PBXFileReference; explicitFileType = wrapper.application; includeInIndex = 0; path = WFDownLoader.app; sourceTree = BUILT_PRODUCTS_DIR; };
		0A8F254B1C03F74B0034B224 /* main.m */ = {isa = PBXFileReference; lastKnownFileType = sourcecode.c.objc; path = main.m; sourceTree = "<group>"; };
		0A8F254D1C03F74B0034B224 /* AppDelegate.h */ = {isa = PBXFileReference; lastKnownFileType = sourcecode.c.h; path = AppDelegate.h; sourceTree = "<group>"; };
		0A8F254E1C03F74B0034B224 /* AppDelegate.m */ = {isa = PBXFileReference; lastKnownFileType = sourcecode.c.objc; path = AppDelegate.m; sourceTree = "<group>"; };
		0A8F25501C03F74B0034B224 /* ViewController.h */ = {isa = PBXFileReference; lastKnownFileType = sourcecode.c.h; path = ViewController.h; sourceTree = "<group>"; };
		0A8F25511C03F74B0034B224 /* ViewController.m */ = {isa = PBXFileReference; lastKnownFileType = sourcecode.c.objc; path = ViewController.m; sourceTree = "<group>"; };
		0A8F25541C03F74B0034B224 /* Base */ = {isa = PBXFileReference; lastKnownFileType = file.storyboard; name = Base; path = Base.lproj/Main.storyboard; sourceTree = "<group>"; };
		0A8F25561C03F74B0034B224 /* Assets.xcassets */ = {isa = PBXFileReference; lastKnownFileType = folder.assetcatalog; path = Assets.xcassets; sourceTree = "<group>"; };
		0A8F25591C03F74B0034B224 /* Base */ = {isa = PBXFileReference; lastKnownFileType = file.storyboard; name = Base; path = Base.lproj/LaunchScreen.storyboard; sourceTree = "<group>"; };
		0A8F255B1C03F74B0034B224 /* Info.plist */ = {isa = PBXFileReference; lastKnownFileType = text.plist.xml; path = Info.plist; sourceTree = "<group>"; };
		0A8F25601C03F74B0034B224 /* WFDownLoaderTests.xctest */ = {isa = PBXFileReference; explicitFileType = wrapper.cfbundle; includeInIndex = 0; path = WFDownLoaderTests.xctest; sourceTree = BUILT_PRODUCTS_DIR; };
		0A8F25641C03F74B0034B224 /* WFDownLoaderTests.m */ = {isa = PBXFileReference; lastKnownFileType = sourcecode.c.objc; path = WFDownLoaderTests.m; sourceTree = "<group>"; };
		0A8F25661C03F74B0034B224 /* Info.plist */ = {isa = PBXFileReference; lastKnownFileType = text.plist.xml; path = Info.plist; sourceTree = "<group>"; };
		0A8F256B1C03F74B0034B224 /* WFDownLoaderUITests.xctest */ = {isa = PBXFileReference; explicitFileType = wrapper.cfbundle; includeInIndex = 0; path = WFDownLoaderUITests.xctest; sourceTree = BUILT_PRODUCTS_DIR; };
		0A8F256F1C03F74B0034B224 /* WFDownLoaderUITests.m */ = {isa = PBXFileReference; lastKnownFileType = sourcecode.c.objc; path = WFDownLoaderUITests.m; sourceTree = "<group>"; };
		0A8F25711C03F74B0034B224 /* Info.plist */ = {isa = PBXFileReference; lastKnownFileType = text.plist.xml; path = Info.plist; sourceTree = "<group>"; };
		0A8F257D1C03F8030034B224 /* WFDownLoad.h */ = {isa = PBXFileReference; fileEncoding = 4; lastKnownFileType = sourcecode.c.h; path = WFDownLoad.h; sourceTree = "<group>"; };
		0A8F257E1C03F8030034B224 /* WFDownLoad.m */ = {isa = PBXFileReference; fileEncoding = 4; lastKnownFileType = sourcecode.c.objc; path = WFDownLoad.m; sourceTree = "<group>"; };
		0A8F25811C0405920034B224 /* NSString+Common.h */ = {isa = PBXFileReference; fileEncoding = 4; lastKnownFileType = sourcecode.c.h; path = "NSString+Common.h"; sourceTree = "<group>"; };
		0A8F25821C0405920034B224 /* NSString+Common.m */ = {isa = PBXFileReference; fileEncoding = 4; lastKnownFileType = sourcecode.c.objc; path = "NSString+Common.m"; sourceTree = "<group>"; };
/* End PBXFileReference section */

/* Begin PBXFrameworksBuildPhase section */
		0A8F25441C03F74B0034B224 /* Frameworks */ = {
			isa = PBXFrameworksBuildPhase;
			buildActionMask = 2147483647;
			files = (
			);
			runOnlyForDeploymentPostprocessing = 0;
		};
		0A8F255D1C03F74B0034B224 /* Frameworks */ = {
			isa = PBXFrameworksBuildPhase;
			buildActionMask = 2147483647;
			files = (
			);
			runOnlyForDeploymentPostprocessing = 0;
		};
		0A8F25681C03F74B0034B224 /* Frameworks */ = {
			isa = PBXFrameworksBuildPhase;
			buildActionMask = 2147483647;
			files = (
			);
			runOnlyForDeploymentPostprocessing = 0;
		};
/* End PBXFrameworksBuildPhase section */

/* Begin PBXGroup section */
		0A8F253E1C03F74B0034B224 = {
			isa = PBXGroup;
			children = (
				0A8F25491C03F74B0034B224 /* WFDownLoader */,
				0A8F25631C03F74B0034B224 /* WFDownLoaderTests */,
				0A8F256E1C03F74B0034B224 /* WFDownLoaderUITests */,
				0A8F25481C03F74B0034B224 /* Products */,
			);
			sourceTree = "<group>";
		};
		0A8F25481C03F74B0034B224 /* Products */ = {
			isa = PBXGroup;
			children = (
				0A8F25471C03F74B0034B224 /* WFDownLoader.app */,
				0A8F25601C03F74B0034B224 /* WFDownLoaderTests.xctest */,
				0A8F256B1C03F74B0034B224 /* WFDownLoaderUITests.xctest */,
			);
			name = Products;
			sourceTree = "<group>";
		};
		0A8F25491C03F74B0034B224 /* WFDownLoader */ = {
			isa = PBXGroup;
			children = (
				0A8F25801C03F8450034B224 /* com.iluckly.download */,
				0A8F254D1C03F74B0034B224 /* AppDelegate.h */,
				0A8F254E1C03F74B0034B224 /* AppDelegate.m */,
				0A8F25501C03F74B0034B224 /* ViewController.h */,
				0A8F25511C03F74B0034B224 /* ViewController.m */,
				0A8F25531C03F74B0034B224 /* Main.storyboard */,
				0A8F25561C03F74B0034B224 /* Assets.xcassets */,
				0A8F25581C03F74B0034B224 /* LaunchScreen.storyboard */,
				0A8F255B1C03F74B0034B224 /* Info.plist */,
				0A8F254A1C03F74B0034B224 /* Supporting Files */,
			);
			path = WFDownLoader;
			sourceTree = "<group>";
		};
		0A8F254A1C03F74B0034B224 /* Supporting Files */ = {
			isa = PBXGroup;
			children = (
				0A8F254B1C03F74B0034B224 /* main.m */,
			);
			name = "Supporting Files";
			sourceTree = "<group>";
		};
		0A8F25631C03F74B0034B224 /* WFDownLoaderTests */ = {
			isa = PBXGroup;
			children = (
				0A8F25641C03F74B0034B224 /* WFDownLoaderTests.m */,
				0A8F25661C03F74B0034B224 /* Info.plist */,
			);
			path = WFDownLoaderTests;
			sourceTree = "<group>";
		};
		0A8F256E1C03F74B0034B224 /* WFDownLoaderUITests */ = {
			isa = PBXGroup;
			children = (
				0A8F256F1C03F74B0034B224 /* WFDownLoaderUITests.m */,
				0A8F25711C03F74B0034B224 /* Info.plist */,
			);
			path = WFDownLoaderUITests;
			sourceTree = "<group>";
		};
		0A8F25801C03F8450034B224 /* com.iluckly.download */ = {
			isa = PBXGroup;
			children = (
				0A8F25811C0405920034B224 /* NSString+Common.h */,
				0A8F25821C0405920034B224 /* NSString+Common.m */,
				0A8F257D1C03F8030034B224 /* WFDownLoad.h */,
				0A8F257E1C03F8030034B224 /* WFDownLoad.m */,
			);
			name = com.iluckly.download;
			sourceTree = "<group>";
		};
/* End PBXGroup section */

/* Begin PBXNativeTarget section */
		0A8F25461C03F74B0034B224 /* WFDownLoader */ = {
			isa = PBXNativeTarget;
			buildConfigurationList = 0A8F25741C03F74B0034B224 /* Build configuration list for PBXNativeTarget "WFDownLoader" */;
			buildPhases = (
				0A8F25431C03F74B0034B224 /* Sources */,
				0A8F25441C03F74B0034B224 /* Frameworks */,
				0A8F25451C03F74B0034B224 /* Resources */,
			);
			buildRules = (
			);
			dependencies = (
			);
			name = WFDownLoader;
			productName = WFDownLoader;
			productReference = 0A8F25471C03F74B0034B224 /* WFDownLoader.app */;
			productType = "com.apple.product-type.application";
		};
		0A8F255F1C03F74B0034B224 /* WFDownLoaderTests */ = {
			isa = PBXNativeTarget;
			buildConfigurationList = 0A8F25771C03F74B0034B224 /* Build configuration list for PBXNativeTarget "WFDownLoaderTests" */;
			buildPhases = (
				0A8F255C1C03F74B0034B224 /* Sources */,
				0A8F255D1C03F74B0034B224 /* Frameworks */,
				0A8F255E1C03F74B0034B224 /* Resources */,
			);
			buildRules = (
			);
			dependencies = (
				0A8F25621C03F74B0034B224 /* PBXTargetDependency */,
			);
			name = WFDownLoaderTests;
			productName = WFDownLoaderTests;
			productReference = 0A8F25601C03F74B0034B224 /* WFDownLoaderTests.xctest */;
			productType = "com.apple.product-type.bundle.unit-test";
		};
		0A8F256A1C03F74B0034B224 /* WFDownLoaderUITests */ = {
			isa = PBXNativeTarget;
			buildConfigurationList = 0A8F257A1C03F74B0034B224 /* Build configuration list for PBXNativeTarget "WFDownLoaderUITests" */;
			buildPhases = (
				0A8F25671C03F74B0034B224 /* Sources */,
				0A8F25681C03F74B0034B224 /* Frameworks */,
				0A8F25691C03F74B0034B224 /* Resources */,
			);
			buildRules = (
			);
			dependencies = (
				0A8F256D1C03F74B0034B224 /* PBXTargetDependency */,
			);
			name = WFDownLoaderUITests;
			productName = WFDownLoaderUITests;
			productReference = 0A8F256B1C03F74B0034B224 /* WFDownLoaderUITests.xctest */;
			productType = "com.apple.product-type.bundle.ui-testing";
		};
/* End PBXNativeTarget section */

/* Begin PBXProject section */
		0A8F253F1C03F74B0034B224 /* Project object */ = {
			isa = PBXProject;
			attributes = {
				LastUpgradeCheck = 0710;
				ORGANIZATIONNAME = JackWong;
				TargetAttributes = {
					0A8F25461C03F74B0034B224 = {
						CreatedOnToolsVersion = 7.1.1;
						DevelopmentTeam = G3A6PU585B;
					};
					0A8F255F1C03F74B0034B224 = {
						CreatedOnToolsVersion = 7.1.1;
						DevelopmentTeam = G3A6PU585B;
						TestTargetID = 0A8F25461C03F74B0034B224;
					};
					0A8F256A1C03F74B0034B224 = {
						CreatedOnToolsVersion = 7.1.1;
						DevelopmentTeam = G3A6PU585B;
						TestTargetID = 0A8F25461C03F74B0034B224;
					};
				};
			};
			buildConfigurationList = 0A8F25421C03F74B0034B224 /* Build configuration list for PBXProject "WFDownLoader" */;
			compatibilityVersion = "Xcode 3.2";
			developmentRegion = English;
			hasScannedForEncodings = 0;
			knownRegions = (
				en,
				Base,
			);
			mainGroup = 0A8F253E1C03F74B0034B224;
			productRefGroup = 0A8F25481C03F74B0034B224 /* Products */;
			projectDirPath = "";
			projectRoot = "";
			targets = (
				0A8F25461C03F74B0034B224 /* WFDownLoader */,
				0A8F255F1C03F74B0034B224 /* WFDownLoaderTests */,
				0A8F256A1C03F74B0034B224 /* WFDownLoaderUITests */,
			);
		};
/* End PBXProject section */

/* Begin PBXResourcesBuildPhase section */
		0A8F25451C03F74B0034B224 /* Resources */ = {
			isa = PBXResourcesBuildPhase;
			buildActionMask = 2147483647;
			files = (
				0A8F255A1C03F74B0034B224 /* LaunchScreen.storyboard in Resources */,
				0A8F25571C03F74B0034B224 /* Assets.xcassets in Resources */,
				0A8F25551C03F74B0034B224 /* Main.storyboard in Resources */,
			);
			runOnlyForDeploymentPostprocessing = 0;
		};
		0A8F255E1C03F74B0034B224 /* Resources */ = {
			isa = PBXResourcesBuildPhase;
			buildActionMask = 2147483647;
			files = (
			);
			runOnlyForDeploymentPostprocessing = 0;
		};
		0A8F25691C03F74B0034B224 /* Resources */ = {
			isa = PBXResourcesBuildPhase;
			buildActionMask = 2147483647;
			files = (
			);
			runOnlyForDeploymentPostprocessing = 0;
		};
/* End PBXResourcesBuildPhase section */

/* Begin PBXSourcesBuildPhase section */
		0A8F25431C03F74B0034B224 /* Sources */ = {
			isa = PBXSourcesBuildPhase;
			buildActionMask = 2147483647;
			files = (
				0A8F257F1C03F8030034B224 /* WFDownLoad.m in Sources */,
				0A8F25521C03F74B0034B224 /* ViewController.m in Sources */,
				0A8F254F1C03F74B0034B224 /* AppDelegate.m in Sources */,
				0A8F254C1C03F74B0034B224 /* main.m in Sources */,
				0A8F25831C0405920034B224 /* NSString+Common.m in Sources */,
			);
			runOnlyForDeploymentPostprocessing = 0;
		};
		0A8F255C1C03F74B0034B224 /* Sources */ = {
			isa = PBXSourcesBuildPhase;
			buildActionMask = 2147483647;
			files = (
				0A8F25651C03F74B0034B224 /* WFDownLoaderTests.m in Sources */,
			);
			runOnlyForDeploymentPostprocessing = 0;
		};
		0A8F25671C03F74B0034B224 /* Sources */ = {
			isa = PBXSourcesBuildPhase;
			buildActionMask = 2147483647;
			files = (
				0A8F25701C03F74B0034B224 /* WFDownLoaderUITests.m in Sources */,
			);
			runOnlyForDeploymentPostprocessing = 0;
		};
/* End PBXSourcesBuildPhase section */

/* Begin PBXTargetDependency section */
		0A8F25621C03F74B0034B224 /* PBXTargetDependency */ = {
			isa = PBXTargetDependency;
			target = 0A8F25461C03F74B0034B224 /* WFDownLoader */;
			targetProxy = 0A8F25611C03F74B0034B224 /* PBXContainerItemProxy */;
		};
		0A8F256D1C03F74B0034B224 /* PBXTargetDependency */ = {
			isa = PBXTargetDependency;
			target = 0A8F25461C03F74B0034B224 /* WFDownLoader */;
			targetProxy = 0A8F256C1C03F74B0034B224 /* PBXContainerItemProxy */;
		};
/* End PBXTargetDependency section */

/* Begin PBXVariantGroup section */
		0A8F25531C03F74B0034B224 /* Main.storyboard */ = {
			isa = PBXVariantGroup;
			children = (
				0A8F25541C03F74B0034B224 /* Base */,
			);
			name = Main.storyboard;
			sourceTree = "<group>";
		};
		0A8F25581C03F74B0034B224 /* LaunchScreen.storyboard */ = {
			isa = PBXVariantGroup;
			children = (
				0A8F25591C03F74B0034B224 /* Base */,
			);
			name = LaunchScreen.storyboard;
			sourceTree = "<group>";
		};
/* End PBXVariantGroup section */

/* Begin XCBuildConfiguration section */
		0A8F25721C03F74B0034B224 /* Debug */ = {
			isa = XCBuildConfiguration;
			buildSettings = {
				ALWAYS_SEARCH_USER_PATHS = NO;
				CLANG_CXX_LANGUAGE_STANDARD = "gnu++0x";
				CLANG_CXX_LIBRARY = "libc++";
				CLANG_ENABLE_MODULES = YES;
				CLANG_ENABLE_OBJC_ARC = YES;
				CLANG_WARN_BOOL_CONVERSION = YES;
				CLANG_WARN_CONSTANT_CONVERSION = YES;
				CLANG_WARN_DIRECT_OBJC_ISA_USAGE = YES_ERROR;
				CLANG_WARN_EMPTY_BODY = YES;
				CLANG_WARN_ENUM_CONVERSION = YES;
				CLANG_WARN_INT_CONVERSION = YES;
				CLANG_WARN_OBJC_ROOT_CLASS = YES_ERROR;
				CLANG_WARN_UNREACHABLE_CODE = YES;
				CLANG_WARN__DUPLICATE_METHOD_MATCH = YES;
				"CODE_SIGN_IDENTITY[sdk=iphoneos*]" = "iPhone Developer";
				COPY_PHASE_STRIP = NO;
				DEBUG_INFORMATION_FORMAT = dwarf;
				ENABLE_STRICT_OBJC_MSGSEND = YES;
				ENABLE_TESTABILITY = YES;
				GCC_C_LANGUAGE_STANDARD = gnu99;
				GCC_DYNAMIC_NO_PIC = NO;
				GCC_NO_COMMON_BLOCKS = YES;
				GCC_OPTIMIZATION_LEVEL = 0;
				GCC_PREPROCESSOR_DEFINITIONS = (
					"DEBUG=1",
					"$(inherited)",
				);
				GCC_WARN_64_TO_32_BIT_CONVERSION = YES;
				GCC_WARN_ABOUT_RETURN_TYPE = YES_ERROR;
				GCC_WARN_UNDECLARED_SELECTOR = YES;
				GCC_WARN_UNINITIALIZED_AUTOS = YES_AGGRESSIVE;
				GCC_WARN_UNUSED_FUNCTION = YES;
				GCC_WARN_UNUSED_VARIABLE = YES;
				IPHONEOS_DEPLOYMENT_TARGET = 9.1;
				MTL_ENABLE_DEBUG_INFO = YES;
				ONLY_ACTIVE_ARCH = YES;
				SDKROOT = iphoneos;
				TARGETED_DEVICE_FAMILY = "1,2";
			};
			name = Debug;
		};
		0A8F25731C03F74B0034B224 /* Release */ = {
			isa = XCBuildConfiguration;
			buildSettings = {
				ALWAYS_SEARCH_USER_PATHS = NO;
				CLANG_CXX_LANGUAGE_STANDARD = "gnu++0x";
				CLANG_CXX_LIBRARY = "libc++";
				CLANG_ENABLE_MODULES = YES;
				CLANG_ENABLE_OBJC_ARC = YES;
				CLANG_WARN_BOOL_CONVERSION = YES;
				CLANG_WARN_CONSTANT_CONVERSION = YES;
				CLANG_WARN_DIRECT_OBJC_ISA_USAGE = YES_ERROR;
				CLANG_WARN_EMPTY_BODY = YES;
				CLANG_WARN_ENUM_CONVERSION = YES;
				CLANG_WARN_INT_CONVERSION = YES;
				CLANG_WARN_OBJC_ROOT_CLASS = YES_ERROR;
				CLANG_WARN_UNREACHABLE_CODE = YES;
				CLANG_WARN__DUPLICATE_METHOD_MATCH = YES;
				"CODE_SIGN_IDENTITY[sdk=iphoneos*]" = "iPhone Developer";
				COPY_PHASE_STRIP = NO;
				DEBUG_INFORMATION_FORMAT = "dwarf-with-dsym";
				ENABLE_NS_ASSERTIONS = NO;
				ENABLE_STRICT_OBJC_MSGSEND = YES;
				GCC_C_LANGUAGE_STANDARD = gnu99;
				GCC_NO_COMMON_BLOCKS = YES;
				GCC_WARN_64_TO_32_BIT_CONVERSION = YES;
				GCC_WARN_ABOUT_RETURN_TYPE = YES_ERROR;
				GCC_WARN_UNDECLARED_SELECTOR = YES;
				GCC_WARN_UNINITIALIZED_AUTOS = YES_AGGRESSIVE;
				GCC_WARN_UNUSED_FUNCTION = YES;
				GCC_WARN_UNUSED_VARIABLE = YES;
				IPHONEOS_DEPLOYMENT_TARGET = 9.1;
				MTL_ENABLE_DEBUG_INFO = NO;
				SDKROOT = iphoneos;
				TARGETED_DEVICE_FAMILY = "1,2";
				VALIDATE_PRODUCT = YES;
			};
			name = Release;
		};
		0A8F25751C03F74B0034B224 /* Debug */ = {
			isa = XCBuildConfiguration;
			buildSettings = {
				ASSETCATALOG_COMPILER_APPICON_NAME = AppIcon;
				INFOPLIST_FILE = WFDownLoader/Info.plist;
				LD_RUNPATH_SEARCH_PATHS = "$(inherited) @executable_path/Frameworks";
				PRODUCT_BUNDLE_IDENTIFIER = com.iluckly.www.WFDownLoader;
				PRODUCT_NAME = "$(TARGET_NAME)";
			};
			name = Debug;
		};
		0A8F25761C03F74B0034B224 /* Release */ = {
			isa = XCBuildConfiguration;
			buildSettings = {
				ASSETCATALOG_COMPILER_APPICON_NAME = AppIcon;
				INFOPLIST_FILE = WFDownLoader/Info.plist;
				LD_RUNPATH_SEARCH_PATHS = "$(inherited) @executable_path/Frameworks";
				PRODUCT_BUNDLE_IDENTIFIER = com.iluckly.www.WFDownLoader;
				PRODUCT_NAME = "$(TARGET_NAME)";
			};
			name = Release;
		};
		0A8F25781C03F74B0034B224 /* Debug */ = {
			isa = XCBuildConfiguration;
			buildSettings = {
				BUNDLE_LOADER = "$(TEST_HOST)";
				INFOPLIST_FILE = WFDownLoaderTests/Info.plist;
				LD_RUNPATH_SEARCH_PATHS = "$(inherited) @executable_path/Frameworks @loader_path/Frameworks";
				PRODUCT_BUNDLE_IDENTIFIER = com.iluckly.www.WFDownLoaderTests;
				PRODUCT_NAME = "$(TARGET_NAME)";
				TEST_HOST = "$(BUILT_PRODUCTS_DIR)/WFDownLoader.app/WFDownLoader";
			};
			name = Debug;
		};
		0A8F25791C03F74B0034B224 /* Release */ = {
			isa = XCBuildConfiguration;
			buildSettings = {
				BUNDLE_LOADER = "$(TEST_HOST)";
				INFOPLIST_FILE = WFDownLoaderTests/Info.plist;
				LD_RUNPATH_SEARCH_PATHS = "$(inherited) @executable_path/Frameworks @loader_path/Frameworks";
				PRODUCT_BUNDLE_IDENTIFIER = com.iluckly.www.WFDownLoaderTests;
				PRODUCT_NAME = "$(TARGET_NAME)";
				TEST_HOST = "$(BUILT_PRODUCTS_DIR)/WFDownLoader.app/WFDownLoader";
			};
			name = Release;
		};
		0A8F257B1C03F74B0034B224 /* Debug */ = {
			isa = XCBuildConfiguration;
			buildSettings = {
				INFOPLIST_FILE = WFDownLoaderUITests/Info.plist;
				LD_RUNPATH_SEARCH_PATHS = "$(inherited) @executable_path/Frameworks @loader_path/Frameworks";
				PRODUCT_BUNDLE_IDENTIFIER = com.iluckly.www.WFDownLoaderUITests;
				PRODUCT_NAME = "$(TARGET_NAME)";
				TEST_TARGET_NAME = WFDownLoader;
				USES_XCTRUNNER = YES;
			};
			name = Debug;
		};
		0A8F257C1C03F74B0034B224 /* Release */ = {
			isa = XCBuildConfiguration;
			buildSettings = {
				INFOPLIST_FILE = WFDownLoaderUITests/Info.plist;
				LD_RUNPATH_SEARCH_PATHS = "$(inherited) @executable_path/Frameworks @loader_path/Frameworks";
				PRODUCT_BUNDLE_IDENTIFIER = com.iluckly.www.WFDownLoaderUITests;
				PRODUCT_NAME = "$(TARGET_NAME)";
				TEST_TARGET_NAME = WFDownLoader;
				USES_XCTRUNNER = YES;
			};
			name = Release;
		};
/* End XCBuildConfiguration section */

/* Begin XCConfigurationList section */
		0A8F25421C03F74B0034B224 /* Build configuration list for PBXProject "WFDownLoader" */ = {
			isa = XCConfigurationList;
			buildConfigurations = (
				0A8F25721C03F74B0034B224 /* Debug */,
				0A8F25731C03F74B0034B224 /* Release */,
			);
			defaultConfigurationIsVisible = 0;
			defaultConfigurationName = Release;
		};
		0A8F25741C03F74B0034B224 /* Build configuration list for PBXNativeTarget "WFDownLoader" */ = {
			isa = XCConfigurationList;
			buildConfigurations = (
				0A8F25751C03F74B0034B224 /* Debug */,
				0A8F25761C03F74B0034B224 /* Release */,
			);
			defaultConfigurationIsVisible = 0;
		};
		0A8F25771C03F74B0034B224 /* Build configuration list for PBXNativeTarget "WFDownLoaderTests" */ = {
			isa = XCConfigurationList;
			buildConfigurations = (
				0A8F25781C03F74B0034B224 /* Debug */,
				0A8F25791C03F74B0034B224 /* Release */,
			);
			defaultConfigurationIsVisible = 0;
		};
		0A8F257A1C03F74B0034B224 /* Build configuration list for PBXNativeTarget "WFDownLoaderUITests" */ = {
			isa = XCConfigurationList;
			buildConfigurations = (
				0A8F257B1C03F74B0034B224 /* Debug */,
				0A8F257C1C03F74B0034B224 /* Release */,
			);
			defaultConfigurationIsVisible = 0;
		};
/* End XCConfigurationList section */
	};
	rootObject = 0A8F253F1C03F74B0034B224 /* Project object */;
}
